
Microsoft Visual Studio Solution File, Format Version 12.00
# Visual Studio Version 17
VisualStudioVersion = 17.2.32630.192
MinimumVisualStudioVersion = 10.0.40219.1
Project("{FAE04EC0-301F-11D3-BF4B-00C04F79EFBC}") = "DangerousWorld", "DangerousWorld.csproj", "{2FB95E1A-A9DD-48A4-9378-40ABC2324648}"
EndProject
Global
	GlobalSection(SolutionConfigurationPlatforms) = preSolution
		Debug|Any CPU = Debug|Any CPU
		Release|Any CPU = Release|Any CPU
	EndGlobalSection
	GlobalSection(ProjectConfigurationPlatforms) = postSolution
		{2FB95E1A-A9DD-48A4-9378-40ABC2324648}.Debug|Any CPU.ActiveCfg = Debug|Any CPU
		{2FB95E1A-A9DD-48A4-9378-40ABC2324648}.Debug|Any CPU.Build.0 = Debug|Any CPU
		{2FB95E1A-A9DD-48A4-9378-40ABC2324648}.Release|Any CPU.ActiveCfg = Release|Any CPU
		{2FB95E1A-A9DD-48A4-9378-40ABC2324648}.Release|Any CPU.Build.0 = Release|Any CPU
	EndGlobalSection
	GlobalSection(SolutionProperties) = preSolution
		HideSolutionNode = FALSE
	EndGlobalSection
	GlobalSection(ExtensibilityGlobals) = postSolution
		SolutionGuid = {0F8650AB-4B57-443F-8F5D-CA8E73F5F485}
	EndGlobalSection
EndGlobal
